
Microsoft Visual Studio Solution File, Format Version 12.00
# Visual Studio Version 16
VisualStudioVersion = 16.0.30611.23
MinimumVisualStudioVersion = 10.0.40219.1
Project("{FAE04EC0-301F-11D3-BF4B-00C04F79EFBC}") = "DeveloperLazyTool", "DeveloperLazyTool\DeveloperLazyTool.csproj", "{60B1DE56-BE04-4A29-968C-023C4C05DF47}"
EndProject
Global
	GlobalSection(SolutionConfigurationPlatforms) = preSolution
		Debug|Any CPU = Debug|Any CPU
		Release|Any CPU = Release|Any CPU
	EndGlobalSection
	GlobalSection(ProjectConfigurationPlatforms) = postSolution
		{60B1DE56-BE04-4A29-968C-023C4C05DF47}.Debug|Any CPU.ActiveCfg = Debug|Any CPU
		{60B1DE56-BE04-4A29-968C-023C4C05DF47}.Debug|Any CPU.Build.0 = Debug|Any CPU
		{60B1DE56-BE04-4A29-968C-023C4C05DF47}.Release|Any CPU.ActiveCfg = Release|Any CPU
		{60B1DE56-BE04-4A29-968C-023C4C05DF47}.Release|Any CPU.Build.0 = Release|Any CPU
	EndGlobalSection
	GlobalSection(SolutionProperties) = preSolution
		HideSolutionNode = FALSE
	EndGlobalSection
	GlobalSection(ExtensibilityGlobals) = postSolution
		SolutionGuid = {8F986BC8-3391-4B52-B16F-A3118E73EEEB}
	EndGlobalSection
EndGlobal
